// !$*UTF8*$!
{
	archiveVersion = 1;
	classes = {
	};
	objectVersion = 46;
	objects = {

/* Begin PBXBuildFile section */
		1750BBC076C2D7894329D51B /* QuartzCore.framework in Frameworks */ = {isa = PBXBuildFile; fileRef = 945A737558D5C928BE22EF86 /* QuartzCore.framework */; };
		3992AFE650B8CDCD2497562D /* CoreMIDI.framework in Frameworks */ = {isa = PBXBuildFile; fileRef = D7020C948BA311D061A5CB02 /* CoreMIDI.framework */; };
		3C1A7D60ADB88734C7F80DE2 /* RecentFilesMenuTemplate.nib in Resources */ = {isa = PBXBuildFile; fileRef = 04A548B64067C25AABCFF5D2 /* RecentFilesMenuTemplate.nib */; };
		46C32B6878C84F967F0B3309 /* DiscRecording.framework in Frameworks */ = {isa = PBXBuildFile; fileRef = AC0725740D62575856B2EB2B /* DiscRecording.framework */; };
		4EA6A935B1DC9B3E29D3D82F /* Cocoa.framework in Frameworks */ = {isa = PBXBuildFile; fileRef = 8F5814FEB1D8AD4ED1026AAA /* Cocoa.framework */; };
		566A1AC41D6D3A780003645A /* juce_audio_basics.mm in Sources */ = {isa = PBXBuildFile; fileRef = 566A1AA61D6D3A780003645A /* juce_audio_basics.mm */; };
		566A1AC61D6D3A780003645A /* juce_audio_devices.mm in Sources */ = {isa = PBXBuildFile; fileRef = 566A1AA81D6D3A780003645A /* juce_audio_devices.mm */; };
		566A1AC81D6D3A780003645A /* juce_audio_formats.mm in Sources */ = {isa = PBXBuildFile; fileRef = 566A1AAA1D6D3A780003645A /* juce_audio_formats.mm */; };
		566A1ACA1D6D3A780003645A /* juce_audio_processors.mm in Sources */ = {isa = PBXBuildFile; fileRef = 566A1AAC1D6D3A780003645A /* juce_audio_processors.mm */; };
		566A1ACC1D6D3A780003645A /* juce_audio_utils.mm in Sources */ = {isa = PBXBuildFile; fileRef = 566A1AAE1D6D3A780003645A /* juce_audio_utils.mm */; };
		566A1ACE1D6D3A780003645A /* juce_core.mm in Sources */ = {isa = PBXBuildFile; fileRef = 566A1AB01D6D3A780003645A /* juce_core.mm */; };
		566A1AD01D6D3A780003645A /* juce_cryptography.mm in Sources */ = {isa = PBXBuildFile; fileRef = 566A1AB21D6D3A780003645A /* juce_cryptography.mm */; };
		566A1AD21D6D3A780003645A /* juce_data_structures.mm in Sources */ = {isa = PBXBuildFile; fileRef = 566A1AB41D6D3A780003645A /* juce_data_structures.mm */; };
		566A1AD41D6D3A780003645A /* juce_events.mm in Sources */ = {isa = PBXBuildFile; fileRef = 566A1AB61D6D3A780003645A /* juce_events.mm */; };
		566A1AD61D6D3A780003645A /* juce_graphics.mm in Sources */ = {isa = PBXBuildFile; fileRef = 566A1AB81D6D3A780003645A /* juce_graphics.mm */; };
		566A1AD81D6D3A780003645A /* juce_gui_basics.mm in Sources */ = {isa = PBXBuildFile; fileRef = 566A1ABA1D6D3A780003645A /* juce_gui_basics.mm */; };
		566A1ADA1D6D3A780003645A /* juce_gui_extra.mm in Sources */ = {isa = PBXBuildFile; fileRef = 566A1ABC1D6D3A780003645A /* juce_gui_extra.mm */; };
		566A1ADC1D6D3A780003645A /* juce_opengl.mm in Sources */ = {isa = PBXBuildFile; fileRef = 566A1ABE1D6D3A780003645A /* juce_opengl.mm */; };
		566A1ADE1D6D3A780003645A /* juce_video.mm in Sources */ = {isa = PBXBuildFile; fileRef = 566A1AC01D6D3A780003645A /* juce_video.mm */; };
		566A1ADF1D6D3A780003645A /* ReadMe.txt in Resources */ = {isa = PBXBuildFile; fileRef = 566A1AC21D6D3A780003645A /* ReadMe.txt */; };
		566A1AE11D6D3E9E0003645A /* AudioUnit.framework in Frameworks */ = {isa = PBXBuildFile; fileRef = 566A1AE01D6D3E9E0003645A /* AudioUnit.framework */; };
		566A1AE31D6D3EA80003645A /* CoreAudioKit.framework in Frameworks */ = {isa = PBXBuildFile; fileRef = 566A1AE21D6D3EA80003645A /* CoreAudioKit.framework */; };
		568A6A3A1D8F8C35006C7680 /* IPCAudioIODevice.cpp in Sources */ = {isa = PBXBuildFile; fileRef = 568A6A391D8F8C35006C7680 /* IPCAudioIODevice.cpp */; };
		79E68730456172968AA1F763 /* QTKit.framework in Frameworks */ = {isa = PBXBuildFile; fileRef = 3AF52CD2A0B41261A587E785 /* QTKit.framework */; };
		8A2A19C326C20BD66B1228FE /* Carbon.framework in Frameworks */ = {isa = PBXBuildFile; fileRef = 211EFAE538408FE8C53F6996 /* Carbon.framework */; };
		99C0D3219A97A8AA750B958D /* CoreAudio.framework in Frameworks */ = {isa = PBXBuildFile; fileRef = 5F3606EBFD95AD45767AB108 /* CoreAudio.framework */; };
		9B0805D04385953B3C3FA622 /* Accelerate.framework in Frameworks */ = {isa = PBXBuildFile; fileRef = A7A63B9D7875C58F898B93F8 /* Accelerate.framework */; };
		A0CC0DE3DCB692494CCCAC48 /* AudioToolbox.framework in Frameworks */ = {isa = PBXBuildFile; fileRef = E44ABF6CF10060F99B267ED7 /* AudioToolbox.framework */; };
		AA3BD4BA22D24471884B84E3 /* IOKit.framework in Frameworks */ = {isa = PBXBuildFile; fileRef = EECA215F031E76BAABC8CF1E /* IOKit.framework */; };
		AE8CBBF80CEBA421EBB81F7A /* MainComponent.cpp in Sources */ = {isa = PBXBuildFile; fileRef = 527CEEB362958E8976D03C0F /* MainComponent.cpp */; };
		B18EFA21E22A272E6AD7F942 /* WebKit.framework in Frameworks */ = {isa = PBXBuildFile; fileRef = FE75F7D0018D3595433D2C16 /* WebKit.framework */; };
		D74073519E4CDFE480D37DFA /* QuickTime.framework in Frameworks */ = {isa = PBXBuildFile; fileRef = 7AC9EEE12F65B23C9D5B8914 /* QuickTime.framework */; };
		F0121A6F375EEE5B760F3ACC /* Main.cpp in Sources */ = {isa = PBXBuildFile; fileRef = B65E4646AA0B0D7A36D4DD25 /* Main.cpp */; };
		F65A4221875A5267D93D6832 /* OpenGL.framework in Frameworks */ = {isa = PBXBuildFile; fileRef = 59EE5B33A8DBBC81396DFF3F /* OpenGL.framework */; };
/* End PBXBuildFile section */

/* Begin PBXFileReference section */
		04A548B64067C25AABCFF5D2 /* RecentFilesMenuTemplate.nib */ = {isa = PBXFileReference; lastKnownFileType = file.nib; path = RecentFilesMenuTemplate.nib; sourceTree = SOURCE_ROOT; };
		0B89AA8DAF32EC42C30550B3 /* Info-App.plist */ = {isa = PBXFileReference; lastKnownFileType = text.plist.xml; path = "Info-App.plist"; sourceTree = SOURCE_ROOT; };
		0DBBB1FE36C7EBC729E8AF55 /* juce_audio_utils.mm */ = {isa = PBXFileReference; lastKnownFileType = sourcecode.cpp.objcpp; name = juce_audio_utils.mm; path = ../../JuceLibraryCode/juce_audio_utils.mm; sourceTree = SOURCE_ROOT; };
		1C74A4B4026002CA1AF33220 /* juce_events.mm */ = {isa = PBXFileReference; lastKnownFileType = sourcecode.cpp.objcpp; name = juce_events.mm; path = ../../JuceLibraryCode/juce_events.mm; sourceTree = SOURCE_ROOT; };
		211EFAE538408FE8C53F6996 /* Carbon.framework */ = {isa = PBXFileReference; lastKnownFileType = wrapper.framework; name = Carbon.framework; path = System/Library/Frameworks/Carbon.framework; sourceTree = SDKROOT; };
		2B2373691F0A7BEE92A743CD /* juce_audio_devices.mm */ = {isa = PBXFileReference; lastKnownFileType = sourcecode.cpp.objcpp; name = juce_audio_devices.mm; path = ../../JuceLibraryCode/juce_audio_devices.mm; sourceTree = SOURCE_ROOT; };
		3342D17FFAE960AC065E2DF0 /* juce_cryptography.mm */ = {isa = PBXFileReference; lastKnownFileType = sourcecode.cpp.objcpp; name = juce_cryptography.mm; path = ../../JuceLibraryCode/juce_cryptography.mm; sourceTree = SOURCE_ROOT; };
		3AF52CD2A0B41261A587E785 /* QTKit.framework */ = {isa = PBXFileReference; lastKnownFileType = wrapper.framework; name = QTKit.framework; path = System/Library/Frameworks/QTKit.framework; sourceTree = SDKROOT; };
		448863BBEA346C966930479F /* juce_gui_basics.mm */ = {isa = PBXFileReference; lastKnownFileType = sourcecode.cpp.objcpp; name = juce_gui_basics.mm; path = ../../JuceLibraryCode/juce_gui_basics.mm; sourceTree = SOURCE_ROOT; };
		514F7607A9A363D351951E7B /* juce_data_structures.mm */ = {isa = PBXFileReference; lastKnownFileType = sourcecode.cpp.objcpp; name = juce_data_structures.mm; path = ../../JuceLibraryCode/juce_data_structures.mm; sourceTree = SOURCE_ROOT; };
		527CEEB362958E8976D03C0F /* MainComponent.cpp */ = {isa = PBXFileReference; lastKnownFileType = sourcecode.cpp.cpp; name = MainComponent.cpp; path = ../../Source/MainComponent.cpp; sourceTree = SOURCE_ROOT; };
		566A1AA41D6D3A780003645A /* AppConfig.h */ = {isa = PBXFileReference; fileEncoding = 4; lastKnownFileType = sourcecode.c.h; path = AppConfig.h; sourceTree = "<group>"; };
		566A1AA51D6D3A780003645A /* juce_audio_basics.cpp */ = {isa = PBXFileReference; fileEncoding = 4; lastKnownFileType = sourcecode.cpp.cpp; path = juce_audio_basics.cpp; sourceTree = "<group>"; };
		566A1AA61D6D3A780003645A /* juce_audio_basics.mm */ = {isa = PBXFileReference; fileEncoding = 4; lastKnownFileType = sourcecode.cpp.objcpp; path = juce_audio_basics.mm; sourceTree = "<group>"; };
		566A1AA71D6D3A780003645A /* juce_audio_devices.cpp */ = {isa = PBXFileReference; fileEncoding = 4; lastKnownFileType = sourcecode.cpp.cpp; path = juce_audio_devices.cpp; sourceTree = "<group>"; };
		566A1AA81D6D3A780003645A /* juce_audio_devices.mm */ = {isa = PBXFileReference; fileEncoding = 4; lastKnownFileType = sourcecode.cpp.objcpp; path = juce_audio_devices.mm; sourceTree = "<group>"; };
		566A1AA91D6D3A780003645A /* juce_audio_formats.cpp */ = {isa = PBXFileReference; fileEncoding = 4; lastKnownFileType = sourcecode.cpp.cpp; path = juce_audio_formats.cpp; sourceTree = "<group>"; };
		566A1AAA1D6D3A780003645A /* juce_audio_formats.mm */ = {isa = PBXFileReference; fileEncoding = 4; lastKnownFileType = sourcecode.cpp.objcpp; path = juce_audio_formats.mm; sourceTree = "<group>"; };
		566A1AAB1D6D3A780003645A /* juce_audio_processors.cpp */ = {isa = PBXFileReference; fileEncoding = 4; lastKnownFileType = sourcecode.cpp.cpp; path = juce_audio_processors.cpp; sourceTree = "<group>"; };
		566A1AAC1D6D3A780003645A /* juce_audio_processors.mm */ = {isa = PBXFileReference; fileEncoding = 4; lastKnownFileType = sourcecode.cpp.objcpp; path = juce_audio_processors.mm; sourceTree = "<group>"; };
		566A1AAD1D6D3A780003645A /* juce_audio_utils.cpp */ = {isa = PBXFileReference; fileEncoding = 4; lastKnownFileType = sourcecode.cpp.cpp; path = juce_audio_utils.cpp; sourceTree = "<group>"; };
		566A1AAE1D6D3A780003645A /* juce_audio_utils.mm */ = {isa = PBXFileReference; fileEncoding = 4; lastKnownFileType = sourcecode.cpp.objcpp; path = juce_audio_utils.mm; sourceTree = "<group>"; };
		566A1AAF1D6D3A780003645A /* juce_core.cpp */ = {isa = PBXFileReference; fileEncoding = 4; lastKnownFileType = sourcecode.cpp.cpp; path = juce_core.cpp; sourceTree = "<group>"; };
		566A1AB01D6D3A780003645A /* juce_core.mm */ = {isa = PBXFileReference; fileEncoding = 4; lastKnownFileType = sourcecode.cpp.objcpp; path = juce_core.mm; sourceTree = "<group>"; };
		566A1AB11D6D3A780003645A /* juce_cryptography.cpp */ = {isa = PBXFileReference; fileEncoding = 4; lastKnownFileType = sourcecode.cpp.cpp; path = juce_cryptography.cpp; sourceTree = "<group>"; };
		566A1AB21D6D3A780003645A /* juce_cryptography.mm */ = {isa = PBXFileReference; fileEncoding = 4; lastKnownFileType = sourcecode.cpp.objcpp; path = juce_cryptography.mm; sourceTree = "<group>"; };
		566A1AB31D6D3A780003645A /* juce_data_structures.cpp */ = {isa = PBXFileReference; fileEncoding = 4; lastKnownFileType = sourcecode.cpp.cpp; path = juce_data_structures.cpp; sourceTree = "<group>"; };
		566A1AB41D6D3A780003645A /* juce_data_structures.mm */ = {isa = PBXFileReference; fileEncoding = 4; lastKnownFileType = sourcecode.cpp.objcpp; path = juce_data_structures.mm; sourceTree = "<group>"; };
		566A1AB51D6D3A780003645A /* juce_events.cpp */ = {isa = PBXFileReference; fileEncoding = 4; lastKnownFileType = sourcecode.cpp.cpp; path = juce_events.cpp; sourceTree = "<group>"; };
		566A1AB61D6D3A780003645A /* juce_events.mm */ = {isa = PBXFileReference; fileEncoding = 4; lastKnownFileType = sourcecode.cpp.objcpp; path = juce_events.mm; sourceTree = "<group>"; };
		566A1AB71D6D3A780003645A /* juce_graphics.cpp */ = {isa = PBXFileReference; fileEncoding = 4; lastKnownFileType = sourcecode.cpp.cpp; path = juce_graphics.cpp; sourceTree = "<group>"; };
		566A1AB81D6D3A780003645A /* juce_graphics.mm */ = {isa = PBXFileReference; fileEncoding = 4; lastKnownFileType = sourcecode.cpp.objcpp; path = juce_graphics.mm; sourceTree = "<group>"; };
		566A1AB91D6D3A780003645A /* juce_gui_basics.cpp */ = {isa = PBXFileReference; fileEncoding = 4; lastKnownFileType = sourcecode.cpp.cpp; path = juce_gui_basics.cpp; sourceTree = "<group>"; };
		566A1ABA1D6D3A780003645A /* juce_gui_basics.mm */ = {isa = PBXFileReference; fileEncoding = 4; lastKnownFileType = sourcecode.cpp.objcpp; path = juce_gui_basics.mm; sourceTree = "<group>"; };
		566A1ABB1D6D3A780003645A /* juce_gui_extra.cpp */ = {isa = PBXFileReference; fileEncoding = 4; lastKnownFileType = sourcecode.cpp.cpp; path = juce_gui_extra.cpp; sourceTree = "<group>"; };
		566A1ABC1D6D3A780003645A /* juce_gui_extra.mm */ = {isa = PBXFileReference; fileEncoding = 4; lastKnownFileType = sourcecode.cpp.objcpp; path = juce_gui_extra.mm; sourceTree = "<group>"; };
		566A1ABD1D6D3A780003645A /* juce_opengl.cpp */ = {isa = PBXFileReference; fileEncoding = 4; lastKnownFileType = sourcecode.cpp.cpp; path = juce_opengl.cpp; sourceTree = "<group>"; };
		566A1ABE1D6D3A780003645A /* juce_opengl.mm */ = {isa = PBXFileReference; fileEncoding = 4; lastKnownFileType = sourcecode.cpp.objcpp; path = juce_opengl.mm; sourceTree = "<group>"; };
		566A1ABF1D6D3A780003645A /* juce_video.cpp */ = {isa = PBXFileReference; fileEncoding = 4; lastKnownFileType = sourcecode.cpp.cpp; path = juce_video.cpp; sourceTree = "<group>"; };
		566A1AC01D6D3A780003645A /* juce_video.mm */ = {isa = PBXFileReference; fileEncoding = 4; lastKnownFileType = sourcecode.cpp.objcpp; path = juce_video.mm; sourceTree = "<group>"; };
		566A1AC11D6D3A780003645A /* JuceHeader.h */ = {isa = PBXFileReference; fileEncoding = 4; lastKnownFileType = sourcecode.c.h; path = JuceHeader.h; sourceTree = "<group>"; };
		566A1AC21D6D3A780003645A /* ReadMe.txt */ = {isa = PBXFileReference; fileEncoding = 4; lastKnownFileType = text; path = ReadMe.txt; sourceTree = "<group>"; };
		566A1AE01D6D3E9E0003645A /* AudioUnit.framework */ = {isa = PBXFileReference; lastKnownFileType = wrapper.framework; name = AudioUnit.framework; path = System/Library/Frameworks/AudioUnit.framework; sourceTree = SDKROOT; };
		566A1AE21D6D3EA80003645A /* CoreAudioKit.framework */ = {isa = PBXFileReference; lastKnownFileType = wrapper.framework; name = CoreAudioKit.framework; path = System/Library/Frameworks/CoreAudioKit.framework; sourceTree = SDKROOT; };
		568A6A391D8F8C35006C7680 /* IPCAudioIODevice.cpp */ = {isa = PBXFileReference; fileEncoding = 4; lastKnownFileType = sourcecode.cpp.cpp; name = IPCAudioIODevice.cpp; path = ../../Source/IPCAudioIODevice.cpp; sourceTree = "<group>"; };
		568A6A3B1D8F8C8E006C7680 /* IPCAudioIODevice.h */ = {isa = PBXFileReference; lastKnownFileType = sourcecode.c.h; name = IPCAudioIODevice.h; path = ../../Source/IPCAudioIODevice.h; sourceTree = "<group>"; };
		577BD5E497815D1568F3BC32 /* juce_graphics.mm */ = {isa = PBXFileReference; lastKnownFileType = sourcecode.cpp.objcpp; name = juce_graphics.mm; path = ../../JuceLibraryCode/juce_graphics.mm; sourceTree = SOURCE_ROOT; };
		59EE5B33A8DBBC81396DFF3F /* OpenGL.framework */ = {isa = PBXFileReference; lastKnownFileType = wrapper.framework; name = OpenGL.framework; path = System/Library/Frameworks/OpenGL.framework; sourceTree = SDKROOT; };
		5F3606EBFD95AD45767AB108 /* CoreAudio.framework */ = {isa = PBXFileReference; lastKnownFileType = wrapper.framework; name = CoreAudio.framework; path = System/Library/Frameworks/CoreAudio.framework; sourceTree = SDKROOT; };
		66D8675D2355D664AB0219D6 /* juce_opengl.mm */ = {isa = PBXFileReference; lastKnownFileType = sourcecode.cpp.objcpp; name = juce_opengl.mm; path = ../../JuceLibraryCode/juce_opengl.mm; sourceTree = SOURCE_ROOT; };
		67976C732EB787535C65589D /* juce_gui_extra.mm */ = {isa = PBXFileReference; lastKnownFileType = sourcecode.cpp.objcpp; name = juce_gui_extra.mm; path = ../../JuceLibraryCode/juce_gui_extra.mm; sourceTree = SOURCE_ROOT; };
		6E2C9A2E643F753492628AFA /* juce_audio_formats.mm */ = {isa = PBXFileReference; lastKnownFileType = sourcecode.cpp.objcpp; name = juce_audio_formats.mm; path = ../../JuceLibraryCode/juce_audio_formats.mm; sourceTree = SOURCE_ROOT; };
		7AC9EEE12F65B23C9D5B8914 /* QuickTime.framework */ = {isa = PBXFileReference; lastKnownFileType = wrapper.framework; name = QuickTime.framework; path = System/Library/Frameworks/QuickTime.framework; sourceTree = SDKROOT; };
		810CFD66BD559CE717CA19AA /* juce_audio_basics.mm */ = {isa = PBXFileReference; lastKnownFileType = sourcecode.cpp.objcpp; name = juce_audio_basics.mm; path = ../../JuceLibraryCode/juce_audio_basics.mm; sourceTree = SOURCE_ROOT; };
		8F5814FEB1D8AD4ED1026AAA /* Cocoa.framework */ = {isa = PBXFileReference; lastKnownFileType = wrapper.framework; name = Cocoa.framework; path = System/Library/Frameworks/Cocoa.framework; sourceTree = SDKROOT; };
		931E71EE5C680BE979F6F1DC /* juce_audio_processors.mm */ = {isa = PBXFileReference; lastKnownFileType = sourcecode.cpp.objcpp; name = juce_audio_processors.mm; path = ../../JuceLibraryCode/juce_audio_processors.mm; sourceTree = SOURCE_ROOT; };
		945A737558D5C928BE22EF86 /* QuartzCore.framework */ = {isa = PBXFileReference; lastKnownFileType = wrapper.framework; name = QuartzCore.framework; path = System/Library/Frameworks/QuartzCore.framework; sourceTree = SDKROOT; };
		9CB7878ABB8C263782FC0753 /* juce_video.mm */ = {isa = PBXFileReference; lastKnownFileType = sourcecode.cpp.objcpp; name = juce_video.mm; path = ../../JuceLibraryCode/juce_video.mm; sourceTree = SOURCE_ROOT; };
		A7A63B9D7875C58F898B93F8 /* Accelerate.framework */ = {isa = PBXFileReference; lastKnownFileType = wrapper.framework; name = Accelerate.framework; path = System/Library/Frameworks/Accelerate.framework; sourceTree = SDKROOT; };
		AC0725740D62575856B2EB2B /* DiscRecording.framework */ = {isa = PBXFileReference; lastKnownFileType = wrapper.framework; name = DiscRecording.framework; path = System/Library/Frameworks/DiscRecording.framework; sourceTree = SDKROOT; };
		B5F87B66CE6013015EE6A2A0 /* juce_core.mm */ = {isa = PBXFileReference; lastKnownFileType = sourcecode.cpp.objcpp; name = juce_core.mm; path = ../../JuceLibraryCode/juce_core.mm; sourceTree = SOURCE_ROOT; };
		B65E4646AA0B0D7A36D4DD25 /* Main.cpp */ = {isa = PBXFileReference; lastKnownFileType = sourcecode.cpp.cpp; name = Main.cpp; path = ../../Source/Main.cpp; sourceTree = SOURCE_ROOT; };
		C682F2E84EF0DAC997DBD8FA /* vst-js-host.app */ = {isa = PBXFileReference; explicitFileType = wrapper.application; includeInIndex = 0; path = "vst-js-host.app"; sourceTree = BUILT_PRODUCTS_DIR; };
		C7A6B697F5BBB492843FE0E1 /* JuceHeader.h */ = {isa = PBXFileReference; lastKnownFileType = sourcecode.c.h; name = JuceHeader.h; path = ../../JuceLibraryCode/JuceHeader.h; sourceTree = SOURCE_ROOT; };
		D7020C948BA311D061A5CB02 /* CoreMIDI.framework */ = {isa = PBXFileReference; lastKnownFileType = wrapper.framework; name = CoreMIDI.framework; path = System/Library/Frameworks/CoreMIDI.framework; sourceTree = SDKROOT; };
		E10A6B15C0C3D719794FA651 /* AppConfig.h */ = {isa = PBXFileReference; lastKnownFileType = sourcecode.c.h; name = AppConfig.h; path = ../../JuceLibraryCode/AppConfig.h; sourceTree = SOURCE_ROOT; };
		E44ABF6CF10060F99B267ED7 /* AudioToolbox.framework */ = {isa = PBXFileReference; lastKnownFileType = wrapper.framework; name = AudioToolbox.framework; path = System/Library/Frameworks/AudioToolbox.framework; sourceTree = SDKROOT; };
		EECA215F031E76BAABC8CF1E /* IOKit.framework */ = {isa = PBXFileReference; lastKnownFileType = wrapper.framework; name = IOKit.framework; path = System/Library/Frameworks/IOKit.framework; sourceTree = SDKROOT; };
		FE75F7D0018D3595433D2C16 /* WebKit.framework */ = {isa = PBXFileReference; lastKnownFileType = wrapper.framework; name = WebKit.framework; path = System/Library/Frameworks/WebKit.framework; sourceTree = SDKROOT; };
/* End PBXFileReference section */

/* Begin PBXFrameworksBuildPhase section */
		83890EF0A077FF0C28411F2A /* Frameworks */ = {
			isa = PBXFrameworksBuildPhase;
			buildActionMask = 2147483647;
			files = (
				566A1AE31D6D3EA80003645A /* CoreAudioKit.framework in Frameworks */,
				566A1AE11D6D3E9E0003645A /* AudioUnit.framework in Frameworks */,
				9B0805D04385953B3C3FA622 /* Accelerate.framework in Frameworks */,
				A0CC0DE3DCB692494CCCAC48 /* AudioToolbox.framework in Frameworks */,
				8A2A19C326C20BD66B1228FE /* Carbon.framework in Frameworks */,
				4EA6A935B1DC9B3E29D3D82F /* Cocoa.framework in Frameworks */,
				99C0D3219A97A8AA750B958D /* CoreAudio.framework in Frameworks */,
				3992AFE650B8CDCD2497562D /* CoreMIDI.framework in Frameworks */,
				46C32B6878C84F967F0B3309 /* DiscRecording.framework in Frameworks */,
				AA3BD4BA22D24471884B84E3 /* IOKit.framework in Frameworks */,
				F65A4221875A5267D93D6832 /* OpenGL.framework in Frameworks */,
				79E68730456172968AA1F763 /* QTKit.framework in Frameworks */,
				1750BBC076C2D7894329D51B /* QuartzCore.framework in Frameworks */,
				D74073519E4CDFE480D37DFA /* QuickTime.framework in Frameworks */,
				B18EFA21E22A272E6AD7F942 /* WebKit.framework in Frameworks */,
			);
			runOnlyForDeploymentPostprocessing = 0;
		};
/* End PBXFrameworksBuildPhase section */

/* Begin PBXGroup section */
		0A323F53E296D23ADA60FC20 /* Source */ = {
			isa = PBXGroup;
			children = (
				566A1AA31D6D3A780003645A /* JuceLibraryCode */,
				81C8D11C32EE8E2CD52624E1 /* vst-js-host */,
				17EB84251A12BD2A2324E653 /* Juce Library Code */,
				0DD83BB765496CE87FFD895C /* Resources */,
				66C4163D685ABCBA56CE2E04 /* Frameworks */,
				CFBEBD71A413CAB866AD02E1 /* Products */,
			);
			name = Source;
			sourceTree = "<group>";
		};
		0DD83BB765496CE87FFD895C /* Resources */ = {
			isa = PBXGroup;
			children = (
				0B89AA8DAF32EC42C30550B3 /* Info-App.plist */,
				04A548B64067C25AABCFF5D2 /* RecentFilesMenuTemplate.nib */,
			);
			name = Resources;
			sourceTree = "<group>";
		};
		17EB84251A12BD2A2324E653 /* Juce Library Code */ = {
			isa = PBXGroup;
			children = (
				E10A6B15C0C3D719794FA651 /* AppConfig.h */,
				810CFD66BD559CE717CA19AA /* juce_audio_basics.mm */,
				2B2373691F0A7BEE92A743CD /* juce_audio_devices.mm */,
				6E2C9A2E643F753492628AFA /* juce_audio_formats.mm */,
				931E71EE5C680BE979F6F1DC /* juce_audio_processors.mm */,
				0DBBB1FE36C7EBC729E8AF55 /* juce_audio_utils.mm */,
				B5F87B66CE6013015EE6A2A0 /* juce_core.mm */,
				3342D17FFAE960AC065E2DF0 /* juce_cryptography.mm */,
				514F7607A9A363D351951E7B /* juce_data_structures.mm */,
				1C74A4B4026002CA1AF33220 /* juce_events.mm */,
				577BD5E497815D1568F3BC32 /* juce_graphics.mm */,
				448863BBEA346C966930479F /* juce_gui_basics.mm */,
				67976C732EB787535C65589D /* juce_gui_extra.mm */,
				66D8675D2355D664AB0219D6 /* juce_opengl.mm */,
				9CB7878ABB8C263782FC0753 /* juce_video.mm */,
				C7A6B697F5BBB492843FE0E1 /* JuceHeader.h */,
			);
			name = "Juce Library Code";
			sourceTree = "<group>";
		};
		566A1AA31D6D3A780003645A /* JuceLibraryCode */ = {
			isa = PBXGroup;
			children = (
				566A1AA41D6D3A780003645A /* AppConfig.h */,
				566A1AA51D6D3A780003645A /* juce_audio_basics.cpp */,
				566A1AA61D6D3A780003645A /* juce_audio_basics.mm */,
				566A1AA71D6D3A780003645A /* juce_audio_devices.cpp */,
				566A1AA81D6D3A780003645A /* juce_audio_devices.mm */,
				566A1AA91D6D3A780003645A /* juce_audio_formats.cpp */,
				566A1AAA1D6D3A780003645A /* juce_audio_formats.mm */,
				566A1AAB1D6D3A780003645A /* juce_audio_processors.cpp */,
				566A1AAC1D6D3A780003645A /* juce_audio_processors.mm */,
				566A1AAD1D6D3A780003645A /* juce_audio_utils.cpp */,
				566A1AAE1D6D3A780003645A /* juce_audio_utils.mm */,
				566A1AAF1D6D3A780003645A /* juce_core.cpp */,
				566A1AB01D6D3A780003645A /* juce_core.mm */,
				566A1AB11D6D3A780003645A /* juce_cryptography.cpp */,
				566A1AB21D6D3A780003645A /* juce_cryptography.mm */,
				566A1AB31D6D3A780003645A /* juce_data_structures.cpp */,
				566A1AB41D6D3A780003645A /* juce_data_structures.mm */,
				566A1AB51D6D3A780003645A /* juce_events.cpp */,
				566A1AB61D6D3A780003645A /* juce_events.mm */,
				566A1AB71D6D3A780003645A /* juce_graphics.cpp */,
				566A1AB81D6D3A780003645A /* juce_graphics.mm */,
				566A1AB91D6D3A780003645A /* juce_gui_basics.cpp */,
				566A1ABA1D6D3A780003645A /* juce_gui_basics.mm */,
				566A1ABB1D6D3A780003645A /* juce_gui_extra.cpp */,
				566A1ABC1D6D3A780003645A /* juce_gui_extra.mm */,
				566A1ABD1D6D3A780003645A /* juce_opengl.cpp */,
				566A1ABE1D6D3A780003645A /* juce_opengl.mm */,
				566A1ABF1D6D3A780003645A /* juce_video.cpp */,
				566A1AC01D6D3A780003645A /* juce_video.mm */,
				566A1AC11D6D3A780003645A /* JuceHeader.h */,
				566A1AC21D6D3A780003645A /* ReadMe.txt */,
			);
			name = JuceLibraryCode;
			path = ../../../shared/JuceLibraryCode;
			sourceTree = "<group>";
		};
		66C4163D685ABCBA56CE2E04 /* Frameworks */ = {
			isa = PBXGroup;
			children = (
				566A1AE21D6D3EA80003645A /* CoreAudioKit.framework */,
				566A1AE01D6D3E9E0003645A /* AudioUnit.framework */,
				A7A63B9D7875C58F898B93F8 /* Accelerate.framework */,
				E44ABF6CF10060F99B267ED7 /* AudioToolbox.framework */,
				211EFAE538408FE8C53F6996 /* Carbon.framework */,
				8F5814FEB1D8AD4ED1026AAA /* Cocoa.framework */,
				5F3606EBFD95AD45767AB108 /* CoreAudio.framework */,
				D7020C948BA311D061A5CB02 /* CoreMIDI.framework */,
				AC0725740D62575856B2EB2B /* DiscRecording.framework */,
				EECA215F031E76BAABC8CF1E /* IOKit.framework */,
				59EE5B33A8DBBC81396DFF3F /* OpenGL.framework */,
				3AF52CD2A0B41261A587E785 /* QTKit.framework */,
				945A737558D5C928BE22EF86 /* QuartzCore.framework */,
				7AC9EEE12F65B23C9D5B8914 /* QuickTime.framework */,
				FE75F7D0018D3595433D2C16 /* WebKit.framework */,
			);
			name = Frameworks;
			sourceTree = "<group>";
		};
		81C8D11C32EE8E2CD52624E1 /* vst-js-host */ = {
			isa = PBXGroup;
			children = (
				B77EA8CB4A97C7CD4DB1C529 /* Source */,
			);
			name = "vst-js-host";
			sourceTree = "<group>";
		};
		B77EA8CB4A97C7CD4DB1C529 /* Source */ = {
			isa = PBXGroup;
			children = (
				527CEEB362958E8976D03C0F /* MainComponent.cpp */,
				568A6A391D8F8C35006C7680 /* IPCAudioIODevice.cpp */,
				568A6A3B1D8F8C8E006C7680 /* IPCAudioIODevice.h */,
				B65E4646AA0B0D7A36D4DD25 /* Main.cpp */,
			);
			name = Source;
			sourceTree = "<group>";
		};
		CFBEBD71A413CAB866AD02E1 /* Products */ = {
			isa = PBXGroup;
			children = (
				C682F2E84EF0DAC997DBD8FA /* vst-js-host.app */,
			);
			name = Products;
			sourceTree = "<group>";
		};
/* End PBXGroup section */

/* Begin PBXNativeTarget section */
		5EB2EC8F8C43CBEB342A19B1 /* vst-js-host (App) */ = {
			isa = PBXNativeTarget;
			buildConfigurationList = 3EB9A813551517A595EFC0F8 /* Build configuration list for PBXNativeTarget "vst-js-host (App)" */;
			buildPhases = (
				22FBD8B71ACE92FB45587B32 /* Resources */,
				00D7A1644FEB6044A1E9B886 /* Sources */,
				83890EF0A077FF0C28411F2A /* Frameworks */,
			);
			buildRules = (
			);
			dependencies = (
			);
			name = "vst-js-host (App)";
			productName = "vst-js-host";
			productReference = C682F2E84EF0DAC997DBD8FA /* vst-js-host.app */;
			productType = "com.apple.product-type.application";
		};
/* End PBXNativeTarget section */

/* Begin PBXProject section */
		D6173CAE4C48A4542BD43E05 /* Project object */ = {
			isa = PBXProject;
			attributes = {
				LastUpgradeCheck = 0440;
				TargetAttributes = {
					5EB2EC8F8C43CBEB342A19B1 = {
						SystemCapabilities = {
							com.apple.InAppPurchase = {
								enabled = 0;
							};
							com.apple.Sandbox = {
								enabled = 0;
							};
						};
					};
				};
			};
			buildConfigurationList = 815B9770BEF8D558603FF235 /* Build configuration list for PBXProject "vst-js-host" */;
			compatibilityVersion = "Xcode 3.2";
			developmentRegion = English;
			hasScannedForEncodings = 0;
			knownRegions = (
				en,
			);
			mainGroup = 0A323F53E296D23ADA60FC20 /* Source */;
			projectDirPath = "";
			projectRoot = "";
			targets = (
				5EB2EC8F8C43CBEB342A19B1 /* vst-js-host (App) */,
			);
		};
/* End PBXProject section */

/* Begin PBXResourcesBuildPhase section */
		22FBD8B71ACE92FB45587B32 /* Resources */ = {
			isa = PBXResourcesBuildPhase;
			buildActionMask = 2147483647;
			files = (
				566A1ADF1D6D3A780003645A /* ReadMe.txt in Resources */,
				3C1A7D60ADB88734C7F80DE2 /* RecentFilesMenuTemplate.nib in Resources */,
			);
			runOnlyForDeploymentPostprocessing = 0;
		};
/* End PBXResourcesBuildPhase section */

/* Begin PBXSourcesBuildPhase section */
		00D7A1644FEB6044A1E9B886 /* Sources */ = {
			isa = PBXSourcesBuildPhase;
			buildActionMask = 2147483647;
			files = (
				566A1AD01D6D3A780003645A /* juce_cryptography.mm in Sources */,
				AE8CBBF80CEBA421EBB81F7A /* MainComponent.cpp in Sources */,
				566A1AD21D6D3A780003645A /* juce_data_structures.mm in Sources */,
				F0121A6F375EEE5B760F3ACC /* Main.cpp in Sources */,
				566A1ACA1D6D3A780003645A /* juce_audio_processors.mm in Sources */,
				566A1ADA1D6D3A780003645A /* juce_gui_extra.mm in Sources */,
				566A1AD41D6D3A780003645A /* juce_events.mm in Sources */,
				566A1AC61D6D3A780003645A /* juce_audio_devices.mm in Sources */,
				566A1ADC1D6D3A780003645A /* juce_opengl.mm in Sources */,
				566A1ADE1D6D3A780003645A /* juce_video.mm in Sources */,
				566A1ACE1D6D3A780003645A /* juce_core.mm in Sources */,
				566A1AD81D6D3A780003645A /* juce_gui_basics.mm in Sources */,
				566A1ACC1D6D3A780003645A /* juce_audio_utils.mm in Sources */,
				566A1AC81D6D3A780003645A /* juce_audio_formats.mm in Sources */,
				566A1AD61D6D3A780003645A /* juce_graphics.mm in Sources */,
				568A6A3A1D8F8C35006C7680 /* IPCAudioIODevice.cpp in Sources */,
				566A1AC41D6D3A780003645A /* juce_audio_basics.mm in Sources */,
			);
			runOnlyForDeploymentPostprocessing = 0;
		};
/* End PBXSourcesBuildPhase section */

/* Begin XCBuildConfiguration section */
		36B8B60D35323489587F8016 /* Release */ = {
			isa = XCBuildConfiguration;
			buildSettings = {
				ALWAYS_SEARCH_USER_PATHS = NO;
				DEBUG_INFORMATION_FORMAT = dwarf;
				GCC_C_LANGUAGE_STANDARD = c99;
				GCC_INLINES_ARE_PRIVATE_EXTERN = YES;
				GCC_MODEL_TUNING = G5;
				GCC_WARN_ABOUT_RETURN_TYPE = YES;
				GCC_WARN_CHECK_SWITCH_STATEMENTS = YES;
				GCC_WARN_MISSING_PARENTHESES = YES;
				GCC_WARN_NON_VIRTUAL_DESTRUCTOR = YES;
				GCC_WARN_TYPECHECK_CALLS_TO_PRINTF = YES;
				GCC_WARN_UNUSED_VARIABLE = YES;
				PRODUCT_NAME = "vst-js-host";
				WARNING_CFLAGS = "-Wreorder";
				ZERO_LINK = NO;
			};
			name = Release;
		};
		617946CC57AADB1379EFF61E /* Debug */ = {
			isa = XCBuildConfiguration;
			buildSettings = {
				ALWAYS_SEARCH_USER_PATHS = NO;
				DEBUG_INFORMATION_FORMAT = dwarf;
				ENABLE_TESTABILITY = YES;
				GCC_C_LANGUAGE_STANDARD = c99;
				GCC_INLINES_ARE_PRIVATE_EXTERN = YES;
				GCC_MODEL_TUNING = G5;
				GCC_WARN_ABOUT_RETURN_TYPE = YES;
				GCC_WARN_CHECK_SWITCH_STATEMENTS = YES;
				GCC_WARN_MISSING_PARENTHESES = YES;
				GCC_WARN_NON_VIRTUAL_DESTRUCTOR = YES;
				GCC_WARN_TYPECHECK_CALLS_TO_PRINTF = YES;
				GCC_WARN_UNUSED_VARIABLE = YES;
				ONLY_ACTIVE_ARCH = YES;
				PRODUCT_NAME = "vst-js-host";
				WARNING_CFLAGS = "-Wreorder";
				ZERO_LINK = NO;
			};
			name = Debug;
		};
		B443A66305343E7EFE0A2EFF /* Release */ = {
			isa = XCBuildConfiguration;
			buildSettings = {
				CLANG_CXX_LANGUAGE_STANDARD = "c++0x";
				CLANG_LINK_OBJC_RUNTIME = NO;
				COMBINE_HIDPI_IMAGES = YES;
				CONFIGURATION_BUILD_DIR = "$(PROJECT_DIR)/build/$(CONFIGURATION)";
				DEAD_CODE_STRIPPING = YES;
				GCC_GENERATE_DEBUGGING_SYMBOLS = NO;
				GCC_OPTIMIZATION_LEVEL = 3;
				GCC_PREPROCESSOR_DEFINITIONS = (
					"_NDEBUG=1",
					"NDEBUG=1",
					"JUCER_XCODE_MAC_F6D2F4CF=1",
					"JUCE_APP_VERSION=1.0.0",
					"JUCE_APP_VERSION_HEX=0x10000",
				);
				GCC_SYMBOLS_PRIVATE_EXTERN = YES;
				GCC_VERSION = com.apple.compilers.llvm.clang.1_0;
				HEADER_SEARCH_PATHS = (
					"$(inherited)",
					../../../shared/JuceLibraryCode,
					../../../include/JUCE/modules,
					../../../include/boost/interprocess,
					../../../include/VST3,
				);
				INFOPLIST_FILE = "Info-App.plist";
				INSTALL_PATH = "$(HOME)/Applications";
				MACOSX_DEPLOYMENT_TARGET_ppc = 10.4;
				PRODUCT_BUNDLE_IDENTIFIER = com.yourcompany.vstjshost;
				SDKROOT_ppc = macosx10.5;
			};
			name = Release;
		};
		D78D40AC817710BE18CDB05D /* Debug */ = {
			isa = XCBuildConfiguration;
			buildSettings = {
				CLANG_CXX_LANGUAGE_STANDARD = "c++0x";
				CLANG_LINK_OBJC_RUNTIME = NO;
				COMBINE_HIDPI_IMAGES = YES;
				CONFIGURATION_BUILD_DIR = "$(PROJECT_DIR)/build/$(CONFIGURATION)";
				COPY_PHASE_STRIP = NO;
				GCC_DYNAMIC_NO_PIC = NO;
				GCC_OPTIMIZATION_LEVEL = 0;
				GCC_PREPROCESSOR_DEFINITIONS = (
					"_DEBUG=1",
					"DEBUG=1",
					"JUCER_XCODE_MAC_F6D2F4CF=1",
					"JUCE_APP_VERSION=1.0.0",
					"JUCE_APP_VERSION_HEX=0x10000",
				);
				GCC_VERSION = com.apple.compilers.llvm.clang.1_0;
				HEADER_SEARCH_PATHS = (
					"$(inherited)",
					../../../shared/JuceLibraryCode,
					../../../include,
				);
				"HEADER_SEARCH_PATHS[arch=*]" = (
					"$(inherited)",
					../../../shared/JuceLibraryCode,
					../../../include/JUCE/modules,
					../../../include/boost/interprocess,
					../../../include/VST3,
				);
				INFOPLIST_FILE = "Info-App.plist";
				INSTALL_PATH = "$(HOME)/Applications";
				MACOSX_DEPLOYMENT_TARGET_ppc = 10.4;
				PRODUCT_BUNDLE_IDENTIFIER = com.yourcompany.vstjshost;
				SDKROOT_ppc = macosx10.5;
			};
			name = Debug;
		};
/* End XCBuildConfiguration section */

/* Begin XCConfigurationList section */
		3EB9A813551517A595EFC0F8 /* Build configuration list for PBXNativeTarget "vst-js-host (App)" */ = {
			isa = XCConfigurationList;
			buildConfigurations = (
				D78D40AC817710BE18CDB05D /* Debug */,
				B443A66305343E7EFE0A2EFF /* Release */,
			);
			defaultConfigurationIsVisible = 0;
			defaultConfigurationName = Debug;
		};
		815B9770BEF8D558603FF235 /* Build configuration list for PBXProject "vst-js-host" */ = {
			isa = XCConfigurationList;
			buildConfigurations = (
				617946CC57AADB1379EFF61E /* Debug */,
				36B8B60D35323489587F8016 /* Release */,
			);
			defaultConfigurationIsVisible = 0;
			defaultConfigurationName = Debug;
		};
/* End XCConfigurationList section */
	};
	rootObject = D6173CAE4C48A4542BD43E05 /* Project object */;
}
